
Microsoft Visual Studio Solution File, Format Version 12.00
# Visual Studio Version 17
VisualStudioVersion = 17.5.33414.496
MinimumVisualStudioVersion = 10.0.40219.1
Project("{9A19103F-16F7-4668-BE54-9A1E7A4F7556}") = "ConsultasMedicas.API", "ConsultasMedicas.API\ConsultasMedicas.API.csproj", "{3EAC318A-25E6-4C0C-AB95-EAD88DADC10B}"
EndProject
Project("{9A19103F-16F7-4668-BE54-9A1E7A4F7556}") = "ConsultasMedicas.Core", "ConsultasMedicas.Core\ConsultasMedicas.Core.csproj", "{E0E772D2-F0CE-4D8A-A76E-5AE801B500E4}"
EndProject
Project("{9A19103F-16F7-4668-BE54-9A1E7A4F7556}") = "ConsultasMedicas.Data", "ConsultasMedicas.Data\ConsultasMedicas.Data.csproj", "{6E8823B1-1299-4C3B-82A2-D045533FA18E}"
EndProject
Project("{9A19103F-16F7-4668-BE54-9A1E7A4F7556}") = "ConsultasMedicas.Services", "ConsultasMedicas.Services\ConsultasMedicas.Services.csproj", "{18D948CB-A6F4-47DE-A12B-D11F5B08733F}"
EndProject
Project("{9A19103F-16F7-4668-BE54-9A1E7A4F7556}") = "ConsultasMedicas.Tests", "ConsultasMedicas.Tests\ConsultasMedicas.Tests.csproj", "{058C397C-ADB7-40D3-B9FC-2A7CBDC4EA37}"
EndProject
Project("{FAE04EC0-301F-11D3-BF4B-00C04F79EFBC}") = "ConsultasMedicas.Common", "Common\ConsultasMedicas.Common.csproj", "{EBA04A14-4C8D-45FF-940B-43FDAFD7BAAF}"
EndProject
Global
	GlobalSection(SolutionConfigurationPlatforms) = preSolution
		Debug|Any CPU = Debug|Any CPU
		Release|Any CPU = Release|Any CPU
	EndGlobalSection
	GlobalSection(ProjectConfigurationPlatforms) = postSolution
		{3EAC318A-25E6-4C0C-AB95-EAD88DADC10B}.Debug|Any CPU.ActiveCfg = Debug|Any CPU
		{3EAC318A-25E6-4C0C-AB95-EAD88DADC10B}.Debug|Any CPU.Build.0 = Debug|Any CPU
		{3EAC318A-25E6-4C0C-AB95-EAD88DADC10B}.Release|Any CPU.ActiveCfg = Release|Any CPU
		{3EAC318A-25E6-4C0C-AB95-EAD88DADC10B}.Release|Any CPU.Build.0 = Release|Any CPU
		{E0E772D2-F0CE-4D8A-A76E-5AE801B500E4}.Debug|Any CPU.ActiveCfg = Debug|Any CPU
		{E0E772D2-F0CE-4D8A-A76E-5AE801B500E4}.Debug|Any CPU.Build.0 = Debug|Any CPU
		{E0E772D2-F0CE-4D8A-A76E-5AE801B500E4}.Release|Any CPU.ActiveCfg = Release|Any CPU
		{E0E772D2-F0CE-4D8A-A76E-5AE801B500E4}.Release|Any CPU.Build.0 = Release|Any CPU
		{6E8823B1-1299-4C3B-82A2-D045533FA18E}.Debug|Any CPU.ActiveCfg = Debug|Any CPU
		{6E8823B1-1299-4C3B-82A2-D045533FA18E}.Debug|Any CPU.Build.0 = Debug|Any CPU
		{6E8823B1-1299-4C3B-82A2-D045533FA18E}.Release|Any CPU.ActiveCfg = Release|Any CPU
		{6E8823B1-1299-4C3B-82A2-D045533FA18E}.Release|Any CPU.Build.0 = Release|Any CPU
		{18D948CB-A6F4-47DE-A12B-D11F5B08733F}.Debug|Any CPU.ActiveCfg = Debug|Any CPU
		{18D948CB-A6F4-47DE-A12B-D11F5B08733F}.Debug|Any CPU.Build.0 = Debug|Any CPU
		{18D948CB-A6F4-47DE-A12B-D11F5B08733F}.Release|Any CPU.ActiveCfg = Release|Any CPU
		{18D948CB-A6F4-47DE-A12B-D11F5B08733F}.Release|Any CPU.Build.0 = Release|Any CPU
		{058C397C-ADB7-40D3-B9FC-2A7CBDC4EA37}.Debug|Any CPU.ActiveCfg = Debug|Any CPU
		{058C397C-ADB7-40D3-B9FC-2A7CBDC4EA37}.Debug|Any CPU.Build.0 = Debug|Any CPU
		{058C397C-ADB7-40D3-B9FC-2A7CBDC4EA37}.Release|Any CPU.ActiveCfg = Release|Any CPU
		{058C397C-ADB7-40D3-B9FC-2A7CBDC4EA37}.Release|Any CPU.Build.0 = Release|Any CPU
		{EBA04A14-4C8D-45FF-940B-43FDAFD7BAAF}.Debug|Any CPU.ActiveCfg = Debug|Any CPU
		{EBA04A14-4C8D-45FF-940B-43FDAFD7BAAF}.Debug|Any CPU.Build.0 = Debug|Any CPU
		{EBA04A14-4C8D-45FF-940B-43FDAFD7BAAF}.Release|Any CPU.ActiveCfg = Release|Any CPU
		{EBA04A14-4C8D-45FF-940B-43FDAFD7BAAF}.Release|Any CPU.Build.0 = Release|Any CPU
	EndGlobalSection
	GlobalSection(SolutionProperties) = preSolution
		HideSolutionNode = FALSE
	EndGlobalSection
	GlobalSection(ExtensibilityGlobals) = postSolution
		SolutionGuid = {22AB9D37-D731-43EC-9450-93119DC19927}
	EndGlobalSection
EndGlobal
